
Microsoft Visual Studio Solution File, Format Version 12.00
# Visual Studio Version 16
VisualStudioVersion = 16.0.33130.400
MinimumVisualStudioVersion = 10.0.40219.1
Project("{FAE04EC0-301F-11D3-BF4B-00C04F79EFBC}") = "Tuan1", "Tuan1\Tuan1.csproj", "{397CC0F2-E4FB-4E40-B6CD-C0A90F7E222A}"
EndProject
Global
	GlobalSection(SolutionConfigurationPlatforms) = preSolution
		Debug|Any CPU = Debug|Any CPU
		Release|Any CPU = Release|Any CPU
	EndGlobalSection
	GlobalSection(ProjectConfigurationPlatforms) = postSolution
		{397CC0F2-E4FB-4E40-B6CD-C0A90F7E222A}.Debug|Any CPU.ActiveCfg = Debug|Any CPU
		{397CC0F2-E4FB-4E40-B6CD-C0A90F7E222A}.Debug|Any CPU.Build.0 = Debug|Any CPU
		{397CC0F2-E4FB-4E40-B6CD-C0A90F7E222A}.Release|Any CPU.ActiveCfg = Release|Any CPU
		{397CC0F2-E4FB-4E40-B6CD-C0A90F7E222A}.Release|Any CPU.Build.0 = Release|Any CPU
	EndGlobalSection
	GlobalSection(SolutionProperties) = preSolution
		HideSolutionNode = FALSE
	EndGlobalSection
	GlobalSection(ExtensibilityGlobals) = postSolution
		SolutionGuid = {3DE4C6AD-D957-4063-A913-81D41DB215FE}
	EndGlobalSection
EndGlobal
